// !$*UTF8*$!
{
	archiveVersion = 1;
	classes = {
	};
	objectVersion = 46;
	objects = {

/* Begin PBXBuildFile section */
		91DA9ADC188C42D100FD015E /* Foundation.framework in Frameworks */ = {isa = PBXBuildFile; fileRef = 91DA9ADB188C42D100FD015E /* Foundation.framework */; };
		91DA9ADE188C42D100FD015E /* CoreGraphics.framework in Frameworks */ = {isa = PBXBuildFile; fileRef = 91DA9ADD188C42D100FD015E /* CoreGraphics.framework */; };
		91DA9AE0188C42D100FD015E /* UIKit.framework in Frameworks */ = {isa = PBXBuildFile; fileRef = 91DA9ADF188C42D100FD015E /* UIKit.framework */; };
		91DA9AE6188C42D100FD015E /* InfoPlist.strings in Resources */ = {isa = PBXBuildFile; fileRef = 91DA9AE4188C42D100FD015E /* InfoPlist.strings */; };
		91DA9AE8188C42D100FD015E /* main.m in Sources */ = {isa = PBXBuildFile; fileRef = 91DA9AE7188C42D100FD015E /* main.m */; };
		91DA9AEC188C42D100FD015E /* AppDelegate.m in Sources */ = {isa = PBXBuildFile; fileRef = 91DA9AEB188C42D100FD015E /* AppDelegate.m */; };
		91DA9AEF188C42D100FD015E /* Main.storyboard in Resources */ = {isa = PBXBuildFile; fileRef = 91DA9AED188C42D100FD015E /* Main.storyboard */; };
		91DA9AF2188C42D100FD015E /* LoginViewController.m in Sources */ = {isa = PBXBuildFile; fileRef = 91DA9AF1188C42D100FD015E /* LoginViewController.m */; };
		91DA9AF4188C42D100FD015E /* Images.xcassets in Resources */ = {isa = PBXBuildFile; fileRef = 91DA9AF3188C42D100FD015E /* Images.xcassets */; };
		91DA9AFB188C42D100FD015E /* XCTest.framework in Frameworks */ = {isa = PBXBuildFile; fileRef = 91DA9AFA188C42D100FD015E /* XCTest.framework */; };
		91DA9AFC188C42D100FD015E /* Foundation.framework in Frameworks */ = {isa = PBXBuildFile; fileRef = 91DA9ADB188C42D100FD015E /* Foundation.framework */; };
		91DA9AFD188C42D100FD015E /* UIKit.framework in Frameworks */ = {isa = PBXBuildFile; fileRef = 91DA9ADF188C42D100FD015E /* UIKit.framework */; };
		91DA9B05188C42D100FD015E /* InfoPlist.strings in Resources */ = {isa = PBXBuildFile; fileRef = 91DA9B03188C42D100FD015E /* InfoPlist.strings */; };
		91DA9B07188C42D100FD015E /* MU107HW2Tests.m in Sources */ = {isa = PBXBuildFile; fileRef = 91DA9B06188C42D100FD015E /* MU107HW2Tests.m */; };
		91DA9B13188C430500FD015E /* User.m in Sources */ = {isa = PBXBuildFile; fileRef = 91DA9B12188C430400FD015E /* User.m */; };
		91DA9B16188C505C00FD015E /* Route.m in Sources */ = {isa = PBXBuildFile; fileRef = 91DA9B15188C505C00FD015E /* Route.m */; };
		91DA9B19188C506E00FD015E /* Vehicle.m in Sources */ = {isa = PBXBuildFile; fileRef = 91DA9B18188C506E00FD015E /* Vehicle.m */; };
		91DA9B1C188C508600FD015E /* Bus.m in Sources */ = {isa = PBXBuildFile; fileRef = 91DA9B1B188C508600FD015E /* Bus.m */; };
/* End PBXBuildFile section */

/* Begin PBXContainerItemProxy section */
		91DA9AFE188C42D100FD015E /* PBXContainerItemProxy */ = {
			isa = PBXContainerItemProxy;
			containerPortal = 91DA9AD0188C42D100FD015E /* Project object */;
			proxyType = 1;
			remoteGlobalIDString = 91DA9AD7188C42D100FD015E;
			remoteInfo = MU107HW2;
		};
/* End PBXContainerItemProxy section */

/* Begin PBXFileReference section */
		91DA9AD8188C42D100FD015E /* MU107HW2.app */ = {isa = PBXFileReference; explicitFileType = wrapper.application; includeInIndex = 0; path = MU107HW2.app; sourceTree = BUILT_PRODUCTS_DIR; };
		91DA9ADB188C42D100FD015E /* Foundation.framework */ = {isa = PBXFileReference; lastKnownFileType = wrapper.framework; name = Foundation.framework; path = System/Library/Frameworks/Foundation.framework; sourceTree = SDKROOT; };
		91DA9ADD188C42D100FD015E /* CoreGraphics.framework */ = {isa = PBXFileReference; lastKnownFileType = wrapper.framework; name = CoreGraphics.framework; path = System/Library/Frameworks/CoreGraphics.framework; sourceTree = SDKROOT; };
		91DA9ADF188C42D100FD015E /* UIKit.framework */ = {isa = PBXFileReference; lastKnownFileType = wrapper.framework; name = UIKit.framework; path = System/Library/Frameworks/UIKit.framework; sourceTree = SDKROOT; };
		91DA9AE3188C42D100FD015E /* MU107HW2-Info.plist */ = {isa = PBXFileReference; lastKnownFileType = text.plist.xml; path = "MU107HW2-Info.plist"; sourceTree = "<group>"; };
		91DA9AE5188C42D100FD015E /* en */ = {isa = PBXFileReference; lastKnownFileType = text.plist.strings; name = en; path = en.lproj/InfoPlist.strings; sourceTree = "<group>"; };
		91DA9AE7188C42D100FD015E /* main.m */ = {isa = PBXFileReference; lastKnownFileType = sourcecode.c.objc; path = main.m; sourceTree = "<group>"; };
		91DA9AE9188C42D100FD015E /* MU107HW2-Prefix.pch */ = {isa = PBXFileReference; lastKnownFileType = sourcecode.c.h; path = "MU107HW2-Prefix.pch"; sourceTree = "<group>"; };
		91DA9AEA188C42D100FD015E /* AppDelegate.h */ = {isa = PBXFileReference; lastKnownFileType = sourcecode.c.h; path = AppDelegate.h; sourceTree = "<group>"; };
		91DA9AEB188C42D100FD015E /* AppDelegate.m */ = {isa = PBXFileReference; lastKnownFileType = sourcecode.c.objc; path = AppDelegate.m; sourceTree = "<group>"; };
		91DA9AEE188C42D100FD015E /* Base */ = {isa = PBXFileReference; lastKnownFileType = file.storyboard; name = Base; path = Base.lproj/Main.storyboard; sourceTree = "<group>"; };
		91DA9AF0188C42D100FD015E /* LoginViewController.h */ = {isa = PBXFileReference; lastKnownFileType = sourcecode.c.h; path = LoginViewController.h; sourceTree = "<group>"; };
		91DA9AF1188C42D100FD015E /* LoginViewController.m */ = {isa = PBXFileReference; lastKnownFileType = sourcecode.c.objc; path = LoginViewController.m; sourceTree = "<group>"; };
		91DA9AF3188C42D100FD015E /* Images.xcassets */ = {isa = PBXFileReference; lastKnownFileType = folder.assetcatalog; path = Images.xcassets; sourceTree = "<group>"; };
		91DA9AF9188C42D100FD015E /* MU107HW2Tests.xctest */ = {isa = PBXFileReference; explicitFileType = wrapper.cfbundle; includeInIndex = 0; path = MU107HW2Tests.xctest; sourceTree = BUILT_PRODUCTS_DIR; };
		91DA9AFA188C42D100FD015E /* XCTest.framework */ = {isa = PBXFileReference; lastKnownFileType = wrapper.framework; name = XCTest.framework; path = Library/Frameworks/XCTest.framework; sourceTree = DEVELOPER_DIR; };
		91DA9B02188C42D100FD015E /* MU107HW2Tests-Info.plist */ = {isa = PBXFileReference; lastKnownFileType = text.plist.xml; path = "MU107HW2Tests-Info.plist"; sourceTree = "<group>"; };
		91DA9B04188C42D100FD015E /* en */ = {isa = PBXFileReference; lastKnownFileType = text.plist.strings; name = en; path = en.lproj/InfoPlist.strings; sourceTree = "<group>"; };
		91DA9B06188C42D100FD015E /* MU107HW2Tests.m */ = {isa = PBXFileReference; lastKnownFileType = sourcecode.c.objc; path = MU107HW2Tests.m; sourceTree = "<group>"; };
		91DA9B11188C430400FD015E /* User.h */ = {isa = PBXFileReference; fileEncoding = 4; lastKnownFileType = sourcecode.c.h; name = User.h; path = Model/User.h; sourceTree = "<group>"; };
		91DA9B12188C430400FD015E /* User.m */ = {isa = PBXFileReference; fileEncoding = 4; lastKnownFileType = sourcecode.c.objc; name = User.m; path = Model/User.m; sourceTree = "<group>"; };
		91DA9B14188C505C00FD015E /* Route.h */ = {isa = PBXFileReference; fileEncoding = 4; lastKnownFileType = sourcecode.c.h; name = Route.h; path = Model/Route.h; sourceTree = "<group>"; };
		91DA9B15188C505C00FD015E /* Route.m */ = {isa = PBXFileReference; fileEncoding = 4; lastKnownFileType = sourcecode.c.objc; name = Route.m; path = Model/Route.m; sourceTree = "<group>"; };
		91DA9B17188C506E00FD015E /* Vehicle.h */ = {isa = PBXFileReference; fileEncoding = 4; lastKnownFileType = sourcecode.c.h; name = Vehicle.h; path = Model/Vehicle.h; sourceTree = "<group>"; };
		91DA9B18188C506E00FD015E /* Vehicle.m */ = {isa = PBXFileReference; fileEncoding = 4; lastKnownFileType = sourcecode.c.objc; name = Vehicle.m; path = Model/Vehicle.m; sourceTree = "<group>"; };
		91DA9B1A188C508600FD015E /* Bus.h */ = {isa = PBXFileReference; fileEncoding = 4; lastKnownFileType = sourcecode.c.h; name = Bus.h; path = Model/Bus.h; sourceTree = "<group>"; };
		91DA9B1B188C508600FD015E /* Bus.m */ = {isa = PBXFileReference; fileEncoding = 4; lastKnownFileType = sourcecode.c.objc; name = Bus.m; path = Model/Bus.m; sourceTree = "<group>"; };
/* End PBXFileReference section */

/* Begin PBXFrameworksBuildPhase section */
		91DA9AD5188C42D100FD015E /* Frameworks */ = {
			isa = PBXFrameworksBuildPhase;
			buildActionMask = 2147483647;
			files = (
				91DA9ADE188C42D100FD015E /* CoreGraphics.framework in Frameworks */,
				91DA9AE0188C42D100FD015E /* UIKit.framework in Frameworks */,
				91DA9ADC188C42D100FD015E /* Foundation.framework in Frameworks */,
			);
			runOnlyForDeploymentPostprocessing = 0;
		};
		91DA9AF6188C42D100FD015E /* Frameworks */ = {
			isa = PBXFrameworksBuildPhase;
			buildActionMask = 2147483647;
			files = (
				91DA9AFB188C42D100FD015E /* XCTest.framework in Frameworks */,
				91DA9AFD188C42D100FD015E /* UIKit.framework in Frameworks */,
				91DA9AFC188C42D100FD015E /* Foundation.framework in Frameworks */,
			);
			runOnlyForDeploymentPostprocessing = 0;
		};
/* End PBXFrameworksBuildPhase section */

/* Begin PBXGroup section */
		91DA9ACF188C42D100FD015E = {
			isa = PBXGroup;
			children = (
				91DA9AE1188C42D100FD015E /* MU107HW2 */,
				91DA9B00188C42D100FD015E /* MU107HW2Tests */,
				91DA9ADA188C42D100FD015E /* Frameworks */,
				91DA9AD9188C42D100FD015E /* Products */,
			);
			sourceTree = "<group>";
		};
		91DA9AD9188C42D100FD015E /* Products */ = {
			isa = PBXGroup;
			children = (
				91DA9AD8188C42D100FD015E /* MU107HW2.app */,
				91DA9AF9188C42D100FD015E /* MU107HW2Tests.xctest */,
			);
			name = Products;
			sourceTree = "<group>";
		};
		91DA9ADA188C42D100FD015E /* Frameworks */ = {
			isa = PBXGroup;
			children = (
				91DA9ADB188C42D100FD015E /* Foundation.framework */,
				91DA9ADD188C42D100FD015E /* CoreGraphics.framework */,
				91DA9ADF188C42D100FD015E /* UIKit.framework */,
				91DA9AFA188C42D100FD015E /* XCTest.framework */,
			);
			name = Frameworks;
			sourceTree = "<group>";
		};
		91DA9AE1188C42D100FD015E /* MU107HW2 */ = {
			isa = PBXGroup;
			children = (
				91DA9B10188C42DB00FD015E /* Model */,
				91DA9AEA188C42D100FD015E /* AppDelegate.h */,
				91DA9AEB188C42D100FD015E /* AppDelegate.m */,
				91DA9AED188C42D100FD015E /* Main.storyboard */,
				91DA9AF0188C42D100FD015E /* LoginViewController.h */,
				91DA9AF1188C42D100FD015E /* LoginViewController.m */,
				91DA9AF3188C42D100FD015E /* Images.xcassets */,
				91DA9AE2188C42D100FD015E /* Supporting Files */,
			);
			path = MU107HW2;
			sourceTree = "<group>";
		};
		91DA9AE2188C42D100FD015E /* Supporting Files */ = {
			isa = PBXGroup;
			children = (
				91DA9AE3188C42D100FD015E /* MU107HW2-Info.plist */,
				91DA9AE4188C42D100FD015E /* InfoPlist.strings */,
				91DA9AE7188C42D100FD015E /* main.m */,
				91DA9AE9188C42D100FD015E /* MU107HW2-Prefix.pch */,
			);
			name = "Supporting Files";
			sourceTree = "<group>";
		};
		91DA9B00188C42D100FD015E /* MU107HW2Tests */ = {
			isa = PBXGroup;
			children = (
				91DA9B06188C42D100FD015E /* MU107HW2Tests.m */,
				91DA9B01188C42D100FD015E /* Supporting Files */,
			);
			path = MU107HW2Tests;
			sourceTree = "<group>";
		};
		91DA9B01188C42D100FD015E /* Supporting Files */ = {
			isa = PBXGroup;
			children = (
				91DA9B02188C42D100FD015E /* MU107HW2Tests-Info.plist */,
				91DA9B03188C42D100FD015E /* InfoPlist.strings */,
			);
			name = "Supporting Files";
			sourceTree = "<group>";
		};
		91DA9B10188C42DB00FD015E /* Model */ = {
			isa = PBXGroup;
			children = (
				91DA9B11188C430400FD015E /* User.h */,
				91DA9B12188C430400FD015E /* User.m */,
				91DA9B14188C505C00FD015E /* Route.h */,
				91DA9B15188C505C00FD015E /* Route.m */,
				91DA9B17188C506E00FD015E /* Vehicle.h */,
				91DA9B18188C506E00FD015E /* Vehicle.m */,
				91DA9B1A188C508600FD015E /* Bus.h */,
				91DA9B1B188C508600FD015E /* Bus.m */,
			);
			name = Model;
			sourceTree = "<group>";
		};
/* End PBXGroup section */

/* Begin PBXNativeTarget section */
		91DA9AD7188C42D100FD015E /* MU107HW2 */ = {
			isa = PBXNativeTarget;
			buildConfigurationList = 91DA9B0A188C42D100FD015E /* Build configuration list for PBXNativeTarget "MU107HW2" */;
			buildPhases = (
				91DA9AD4188C42D100FD015E /* Sources */,
				91DA9AD5188C42D100FD015E /* Frameworks */,
				91DA9AD6188C42D100FD015E /* Resources */,
			);
			buildRules = (
			);
			dependencies = (
			);
			name = MU107HW2;
			productName = MU107HW2;
			productReference = 91DA9AD8188C42D100FD015E /* MU107HW2.app */;
			productType = "com.apple.product-type.application";
		};
		91DA9AF8188C42D100FD015E /* MU107HW2Tests */ = {
			isa = PBXNativeTarget;
			buildConfigurationList = 91DA9B0D188C42D100FD015E /* Build configuration list for PBXNativeTarget "MU107HW2Tests" */;
			buildPhases = (
				91DA9AF5188C42D100FD015E /* Sources */,
				91DA9AF6188C42D100FD015E /* Frameworks */,
				91DA9AF7188C42D100FD015E /* Resources */,
			);
			buildRules = (
			);
			dependencies = (
				91DA9AFF188C42D100FD015E /* PBXTargetDependency */,
			);
			name = MU107HW2Tests;
			productName = MU107HW2Tests;
			productReference = 91DA9AF9188C42D100FD015E /* MU107HW2Tests.xctest */;
			productType = "com.apple.product-type.bundle.unit-test";
		};
/* End PBXNativeTarget section */

/* Begin PBXProject section */
		91DA9AD0188C42D100FD015E /* Project object */ = {
			isa = PBXProject;
			attributes = {
				LastUpgradeCheck = 0500;
				ORGANIZATIONNAME = "Andrey Starostenko";
				TargetAttributes = {
					91DA9AF8188C42D100FD015E = {
						TestTargetID = 91DA9AD7188C42D100FD015E;
					};
				};
			};
			buildConfigurationList = 91DA9AD3188C42D100FD015E /* Build configuration list for PBXProject "MU107HW2" */;
			compatibilityVersion = "Xcode 3.2";
			developmentRegion = English;
			hasScannedForEncodings = 0;
			knownRegions = (
				en,
				Base,
			);
			mainGroup = 91DA9ACF188C42D100FD015E;
			productRefGroup = 91DA9AD9188C42D100FD015E /* Products */;
			projectDirPath = "";
			projectRoot = "";
			targets = (
				91DA9AD7188C42D100FD015E /* MU107HW2 */,
				91DA9AF8188C42D100FD015E /* MU107HW2Tests */,
			);
		};
/* End PBXProject section */

/* Begin PBXResourcesBuildPhase section */
		91DA9AD6188C42D100FD015E /* Resources */ = {
			isa = PBXResourcesBuildPhase;
			buildActionMask = 2147483647;
			files = (
				91DA9AF4188C42D100FD015E /* Images.xcassets in Resources */,
				91DA9AE6188C42D100FD015E /* InfoPlist.strings in Resources */,
				91DA9AEF188C42D100FD015E /* Main.storyboard in Resources */,
			);
			runOnlyForDeploymentPostprocessing = 0;
		};
		91DA9AF7188C42D100FD015E /* Resources */ = {
			isa = PBXResourcesBuildPhase;
			buildActionMask = 2147483647;
			files = (
				91DA9B05188C42D100FD015E /* InfoPlist.strings in Resources */,
			);
			runOnlyForDeploymentPostprocessing = 0;
		};
/* End PBXResourcesBuildPhase section */

/* Begin PBXSourcesBuildPhase section */
		91DA9AD4188C42D100FD015E /* Sources */ = {
			isa = PBXSourcesBuildPhase;
			buildActionMask = 2147483647;
			files = (
				91DA9B16188C505C00FD015E /* Route.m in Sources */,
				91DA9B13188C430500FD015E /* User.m in Sources */,
				91DA9B19188C506E00FD015E /* Vehicle.m in Sources */,
				91DA9AF2188C42D100FD015E /* LoginViewController.m in Sources */,
				91DA9AEC188C42D100FD015E /* AppDelegate.m in Sources */,
				91DA9B1C188C508600FD015E /* Bus.m in Sources */,
				91DA9AE8188C42D100FD015E /* main.m in Sources */,
			);
			runOnlyForDeploymentPostprocessing = 0;
		};
		91DA9AF5188C42D100FD015E /* Sources */ = {
			isa = PBXSourcesBuildPhase;
			buildActionMask = 2147483647;
			files = (
				91DA9B07188C42D100FD015E /* MU107HW2Tests.m in Sources */,
			);
			runOnlyForDeploymentPostprocessing = 0;
		};
/* End PBXSourcesBuildPhase section */

/* Begin PBXTargetDependency section */
		91DA9AFF188C42D100FD015E /* PBXTargetDependency */ = {
			isa = PBXTargetDependency;
			target = 91DA9AD7188C42D100FD015E /* MU107HW2 */;
			targetProxy = 91DA9AFE188C42D100FD015E /* PBXContainerItemProxy */;
		};
/* End PBXTargetDependency section */

/* Begin PBXVariantGroup section */
		91DA9AE4188C42D100FD015E /* InfoPlist.strings */ = {
			isa = PBXVariantGroup;
			children = (
				91DA9AE5188C42D100FD015E /* en */,
			);
			name = InfoPlist.strings;
			sourceTree = "<group>";
		};
		91DA9AED188C42D100FD015E /* Main.storyboard */ = {
			isa = PBXVariantGroup;
			children = (
				91DA9AEE188C42D100FD015E /* Base */,
			);
			name = Main.storyboard;
			sourceTree = "<group>";
		};
		91DA9B03188C42D100FD015E /* InfoPlist.strings */ = {
			isa = PBXVariantGroup;
			children = (
				91DA9B04188C42D100FD015E /* en */,
			);
			name = InfoPlist.strings;
			sourceTree = "<group>";
		};
/* End PBXVariantGroup section */

/* Begin XCBuildConfiguration section */
		91DA9B08188C42D100FD015E /* Debug */ = {
			isa = XCBuildConfiguration;
			buildSettings = {
				ALWAYS_SEARCH_USER_PATHS = NO;
				ARCHS = "$(ARCHS_STANDARD_INCLUDING_64_BIT)";
				CLANG_CXX_LANGUAGE_STANDARD = "gnu++0x";
				CLANG_CXX_LIBRARY = "libc++";
				CLANG_ENABLE_MODULES = YES;
				CLANG_ENABLE_OBJC_ARC = YES;
				CLANG_WARN_BOOL_CONVERSION = YES;
				CLANG_WARN_CONSTANT_CONVERSION = YES;
				CLANG_WARN_DIRECT_OBJC_ISA_USAGE = YES_ERROR;
				CLANG_WARN_EMPTY_BODY = YES;
				CLANG_WARN_ENUM_CONVERSION = YES;
				CLANG_WARN_INT_CONVERSION = YES;
				CLANG_WARN_OBJC_ROOT_CLASS = YES_ERROR;
				CLANG_WARN__DUPLICATE_METHOD_MATCH = YES;
				"CODE_SIGN_IDENTITY[sdk=iphoneos*]" = "iPhone Developer";
				COPY_PHASE_STRIP = NO;
				GCC_C_LANGUAGE_STANDARD = gnu99;
				GCC_DYNAMIC_NO_PIC = NO;
				GCC_OPTIMIZATION_LEVEL = 0;
				GCC_PREPROCESSOR_DEFINITIONS = (
					"DEBUG=1",
					"$(inherited)",
				);
				GCC_SYMBOLS_PRIVATE_EXTERN = NO;
				GCC_WARN_64_TO_32_BIT_CONVERSION = YES;
				GCC_WARN_ABOUT_RETURN_TYPE = YES_ERROR;
				GCC_WARN_UNDECLARED_SELECTOR = YES;
				GCC_WARN_UNINITIALIZED_AUTOS = YES;
				GCC_WARN_UNUSED_FUNCTION = YES;
				GCC_WARN_UNUSED_VARIABLE = YES;
				IPHONEOS_DEPLOYMENT_TARGET = 7.0;
				ONLY_ACTIVE_ARCH = YES;
				SDKROOT = iphoneos;
			};
			name = Debug;
		};
		91DA9B09188C42D100FD015E /* Release */ = {
			isa = XCBuildConfiguration;
			buildSettings = {
				ALWAYS_SEARCH_USER_PATHS = NO;
				ARCHS = "$(ARCHS_STANDARD_INCLUDING_64_BIT)";
				CLANG_CXX_LANGUAGE_STANDARD = "gnu++0x";
				CLANG_CXX_LIBRARY = "libc++";
				CLANG_ENABLE_MODULES = YES;
				CLANG_ENABLE_OBJC_ARC = YES;
				CLANG_WARN_BOOL_CONVERSION = YES;
				CLANG_WARN_CONSTANT_CONVERSION = YES;
				CLANG_WARN_DIRECT_OBJC_ISA_USAGE = YES_ERROR;
				CLANG_WARN_EMPTY_BODY = YES;
				CLANG_WARN_ENUM_CONVERSION = YES;
				CLANG_WARN_INT_CONVERSION = YES;
				CLANG_WARN_OBJC_ROOT_CLASS = YES_ERROR;
				CLANG_WARN__DUPLICATE_METHOD_MATCH = YES;
				"CODE_SIGN_IDENTITY[sdk=iphoneos*]" = "iPhone Developer";
				COPY_PHASE_STRIP = YES;
				ENABLE_NS_ASSERTIONS = NO;
				GCC_C_LANGUAGE_STANDARD = gnu99;
				GCC_WARN_64_TO_32_BIT_CONVERSION = YES;
				GCC_WARN_ABOUT_RETURN_TYPE = YES_ERROR;
				GCC_WARN_UNDECLARED_SELECTOR = YES;
				GCC_WARN_UNINITIALIZED_AUTOS = YES;
				GCC_WARN_UNUSED_FUNCTION = YES;
				GCC_WARN_UNUSED_VARIABLE = YES;
				IPHONEOS_DEPLOYMENT_TARGET = 7.0;
				SDKROOT = iphoneos;
				VALIDATE_PRODUCT = YES;
			};
			name = Release;
		};
		91DA9B0B188C42D100FD015E /* Debug */ = {
			isa = XCBuildConfiguration;
			buildSettings = {
				ASSETCATALOG_COMPILER_APPICON_NAME = AppIcon;
				ASSETCATALOG_COMPILER_LAUNCHIMAGE_NAME = LaunchImage;
				GCC_PRECOMPILE_PREFIX_HEADER = YES;
				GCC_PREFIX_HEADER = "MU107HW2/MU107HW2-Prefix.pch";
				INFOPLIST_FILE = "MU107HW2/MU107HW2-Info.plist";
				PRODUCT_NAME = "$(TARGET_NAME)";
				WRAPPER_EXTENSION = app;
			};
			name = Debug;
		};
		91DA9B0C188C42D100FD015E /* Release */ = {
			isa = XCBuildConfiguration;
			buildSettings = {
				ASSETCATALOG_COMPILER_APPICON_NAME = AppIcon;
				ASSETCATALOG_COMPILER_LAUNCHIMAGE_NAME = LaunchImage;
				GCC_PRECOMPILE_PREFIX_HEADER = YES;
				GCC_PREFIX_HEADER = "MU107HW2/MU107HW2-Prefix.pch";
				INFOPLIST_FILE = "MU107HW2/MU107HW2-Info.plist";
				PRODUCT_NAME = "$(TARGET_NAME)";
				WRAPPER_EXTENSION = app;
			};
			name = Release;
		};
		91DA9B0E188C42D100FD015E /* Debug */ = {
			isa = XCBuildConfiguration;
			buildSettings = {
				ARCHS = "$(ARCHS_STANDARD_INCLUDING_64_BIT)";
				BUNDLE_LOADER = "$(BUILT_PRODUCTS_DIR)/MU107HW2.app/MU107HW2";
				FRAMEWORK_SEARCH_PATHS = (
					"$(SDKROOT)/Developer/Library/Frameworks",
					"$(inherited)",
					"$(DEVELOPER_FRAMEWORKS_DIR)",
				);
				GCC_PRECOMPILE_PREFIX_HEADER = YES;
				GCC_PREFIX_HEADER = "MU107HW2/MU107HW2-Prefix.pch";
				GCC_PREPROCESSOR_DEFINITIONS = (
					"DEBUG=1",
					"$(inherited)",
				);
				INFOPLIST_FILE = "MU107HW2Tests/MU107HW2Tests-Info.plist";
				PRODUCT_NAME = "$(TARGET_NAME)";
				TEST_HOST = "$(BUNDLE_LOADER)";
				WRAPPER_EXTENSION = xctest;
			};
			name = Debug;
		};
		91DA9B0F188C42D100FD015E /* Release */ = {
			isa = XCBuildConfiguration;
			buildSettings = {
				ARCHS = "$(ARCHS_STANDARD_INCLUDING_64_BIT)";
				BUNDLE_LOADER = "$(BUILT_PRODUCTS_DIR)/MU107HW2.app/MU107HW2";
				FRAMEWORK_SEARCH_PATHS = (
					"$(SDKROOT)/Developer/Library/Frameworks",
					"$(inherited)",
					"$(DEVELOPER_FRAMEWORKS_DIR)",
				);
				GCC_PRECOMPILE_PREFIX_HEADER = YES;
				GCC_PREFIX_HEADER = "MU107HW2/MU107HW2-Prefix.pch";
				INFOPLIST_FILE = "MU107HW2Tests/MU107HW2Tests-Info.plist";
				PRODUCT_NAME = "$(TARGET_NAME)";
				TEST_HOST = "$(BUNDLE_LOADER)";
				WRAPPER_EXTENSION = xctest;
			};
			name = Release;
		};
/* End XCBuildConfiguration section */

/* Begin XCConfigurationList section */
		91DA9AD3188C42D100FD015E /* Build configuration list for PBXProject "MU107HW2" */ = {
			isa = XCConfigurationList;
			buildConfigurations = (
				91DA9B08188C42D100FD015E /* Debug */,
				91DA9B09188C42D100FD015E /* Release */,
			);
			defaultConfigurationIsVisible = 0;
			defaultConfigurationName = Release;
		};
		91DA9B0A188C42D100FD015E /* Build configuration list for PBXNativeTarget "MU107HW2" */ = {
			isa = XCConfigurationList;
			buildConfigurations = (
				91DA9B0B188C42D100FD015E /* Debug */,
				91DA9B0C188C42D100FD015E /* Release */,
			);
			defaultConfigurationIsVisible = 0;
		};
		91DA9B0D188C42D100FD015E /* Build configuration list for PBXNativeTarget "MU107HW2Tests" */ = {
			isa = XCConfigurationList;
			buildConfigurations = (
				91DA9B0E188C42D100FD015E /* Debug */,
				91DA9B0F188C42D100FD015E /* Release */,
			);
			defaultConfigurationIsVisible = 0;
		};
/* End XCConfigurationList section */
	};
	rootObject = 91DA9AD0188C42D100FD015E /* Project object */;
}
